Microsoft Visual Studio Solution File, Format Version 12.00
# Visual Studio Version 17
VisualStudioVersion = 17.0.31903.59
MinimumVisualStudioVersion = 10.0.40219.1
Project("{9A19103F-16F7-4668-BE54-9A1E7A4F7556}") = "Argus.Core", "src\Argus.Core\Argus.Core.csproj", "{A0000001-0000-0000-0000-000000000001}"
EndProject
Project("{9A19103F-16F7-4668-BE54-9A1E7A4F7556}") = "Argus.Graphics", "src\Argus.Graphics\Argus.Graphics.csproj", "{A0000002-0000-0000-0000-000000000002}"
EndProject
Project("{9A19103F-16F7-4668-BE54-9A1E7A4F7556}") = "Argus.Testing", "src\Argus.Testing\Argus.Testing.csproj", "{A0000003-0000-0000-0000-000000000003}"
EndProject
Project("{9A19103F-16F7-4668-BE54-9A1E7A4F7556}") = "Argus.Cli", "src\Argus.Cli\Argus.Cli.csproj", "{A0000004-0000-0000-0000-000000000004}"
EndProject
Project("{9A19103F-16F7-4668-BE54-9A1E7A4F7556}") = "Argus.Core.Tests", "tests\Argus.Core.Tests\Argus.Core.Tests.csproj", "{B0000001-0000-0000-0000-000000000001}"
EndProject
Project("{9A19103F-16F7-4668-BE54-9A1E7A4F7556}") = "Argus.Graphics.Tests", "tests\Argus.Graphics.Tests\Argus.Graphics.Tests.csproj", "{B0000002-0000-0000-0000-000000000002}"
EndProject
Project("{9A19103F-16F7-4668-BE54-9A1E7A4F7556}") = "Argus.Golden.Tests", "tests\Argus.Golden.Tests\Argus.Golden.Tests.csproj", "{B0000003-0000-0000-0000-000000000003}"
EndProject
Project("{9A19103F-16F7-4668-BE54-9A1E7A4F7556}") = "Argus.Package.Tests", "tests\Argus.Package.Tests\Argus.Package.Tests.csproj", "{B0000004-0000-0000-0000-000000000004}"
EndProject
Project("{9A19103F-16F7-4668-BE54-9A1E7A4F7556}") = "Argus.Sample.Console", "samples\Argus.Sample.Console\Argus.Sample.Console.csproj", "{C0000001-0000-0000-0000-000000000001}"
EndProject
Global
	GlobalSection(SolutionConfigurationPlatforms) = preSolution
		Debug|Any CPU = Debug|Any CPU
		Release|Any CPU = Release|Any CPU
	EndGlobalSection
	GlobalSection(ProjectConfigurationPlatforms) = postSolution
		{A0000001-0000-0000-0000-000000000001}.Debug|Any CPU.ActiveCfg = Debug|Any CPU
		{A0000001-0000-0000-0000-000000000001}.Debug|Any CPU.Build.0 = Debug|Any CPU
		{A0000001-0000-0000-0000-000000000001}.Release|Any CPU.ActiveCfg = Release|Any CPU
		{A0000001-0000-0000-0000-000000000001}.Release|Any CPU.Build.0 = Release|Any CPU
		{A0000002-0000-0000-0000-000000000002}.Debug|Any CPU.ActiveCfg = Debug|Any CPU
		{A0000002-0000-0000-0000-000000000002}.Debug|Any CPU.Build.0 = Debug|Any CPU
		{A0000002-0000-0000-0000-000000000002}.Release|Any CPU.ActiveCfg = Release|Any CPU
		{A0000002-0000-0000-0000-000000000002}.Release|Any CPU.Build.0 = Release|Any CPU
		{A0000003-0000-0000-0000-000000000003}.Debug|Any CPU.ActiveCfg = Debug|Any CPU
		{A0000003-0000-0000-0000-000000000003}.Debug|Any CPU.Build.0 = Debug|Any CPU
		{A0000003-0000-0000-0000-000000000003}.Release|Any CPU.ActiveCfg = Release|Any CPU
		{A0000003-0000-0000-0000-000000000003}.Release|Any CPU.Build.0 = Release|Any CPU
		{A0000004-0000-0000-0000-000000000004}.Debug|Any CPU.ActiveCfg = Debug|Any CPU
		{A0000004-0000-0000-0000-000000000004}.Debug|Any CPU.Build.0 = Debug|Any CPU
		{A0000004-0000-0000-0000-000000000004}.Release|Any CPU.ActiveCfg = Release|Any CPU
		{A0000004-0000-0000-0000-000000000004}.Release|Any CPU.Build.0 = Release|Any CPU
		{B0000001-0000-0000-0000-000000000001}.Debug|Any CPU.ActiveCfg = Debug|Any CPU
		{B0000001-0000-0000-0000-000000000001}.Debug|Any CPU.Build.0 = Debug|Any CPU
		{B0000001-0000-0000-0000-000000000001}.Release|Any CPU.ActiveCfg = Release|Any CPU
		{B0000001-0000-0000-0000-000000000001}.Release|Any CPU.Build.0 = Release|Any CPU
		{B0000002-0000-0000-0000-000000000002}.Debug|Any CPU.ActiveCfg = Debug|Any CPU
		{B0000002-0000-0000-0000-000000000002}.Debug|Any CPU.Build.0 = Debug|Any CPU
		{B0000002-0000-0000-0000-000000000002}.Release|Any CPU.ActiveCfg = Release|Any CPU
		{B0000002-0000-0000-0000-000000000002}.Release|Any CPU.Build.0 = Release|Any CPU
		{B0000003-0000-0000-0000-000000000003}.Debug|Any CPU.ActiveCfg = Debug|Any CPU
		{B0000003-0000-0000-0000-000000000003}.Debug|Any CPU.Build.0 = Debug|Any CPU
		{B0000003-0000-0000-0000-000000000003}.Release|Any CPU.ActiveCfg = Release|Any CPU
		{B0000003-0000-0000-0000-000000000003}.Release|Any CPU.Build.0 = Release|Any CPU
		{B0000004-0000-0000-0000-000000000004}.Debug|Any CPU.ActiveCfg = Debug|Any CPU
		{B0000004-0000-0000-0000-000000000004}.Debug|Any CPU.Build.0 = Debug|Any CPU
		{B0000004-0000-0000-0000-000000000004}.Release|Any CPU.ActiveCfg = Release|Any CPU
		{B0000004-0000-0000-0000-000000000004}.Release|Any CPU.Build.0 = Release|Any CPU
		{C0000001-0000-0000-0000-000000000001}.Debug|Any CPU.ActiveCfg = Debug|Any CPU
		{C0000001-0000-0000-0000-000000000001}.Debug|Any CPU.Build.0 = Debug|Any CPU
		{C0000001-0000-0000-0000-000000000001}.Release|Any CPU.ActiveCfg = Release|Any CPU
		{C0000001-0000-0000-0000-000000000001}.Release|Any CPU.Build.0 = Release|Any CPU
	EndGlobalSection
	GlobalSection(SolutionProperties) = preSolution
		HideSolutionNode = FALSE
	EndGlobalSection
	GlobalSection(ExtensibilityGlobals) = postSolution
		SolutionGuid = {D0000000-0000-0000-0000-00000000000D}
	EndGlobalSection
EndGlobal
